
Microsoft Visual Studio Solution File, Format Version 12.00
# Visual Studio Version 17
VisualStudioVersion = 17.0.31903.59
MinimumVisualStudioVersion = 10.0.40219.1
Project("{2150E333-8FDC-42A3-9474-1A3956D46DE8}") = "Domain", "Domain", "{996CEBED-A05B-5D42-3FF0-982E087A2599}"
EndProject
Project("{FAE04EC0-301F-11D3-BF4B-00C04F79EFBC}") = "PrecificacaoConfeitaria.Domain", "Domain\PrecificacaoConfeitaria.Domain.csproj", "{8C1502F2-6D6A-4E02-94F0-F15BD8463A2B}"
EndProject
Project("{2150E333-8FDC-42A3-9474-1A3956D46DE8}") = "Application", "Application", "{A74F262E-BDE7-D5D2-89E9-785413424D0A}"
EndProject
Project("{FAE04EC0-301F-11D3-BF4B-00C04F79EFBC}") = "PrecificacaoConfeitaria.Application", "Application\PrecificacaoConfeitaria.Application.csproj", "{18B00F68-5882-4679-A0E3-243FE5751709}"
EndProject
Project("{2150E333-8FDC-42A3-9474-1A3956D46DE8}") = "Infrastructure", "Infrastructure", "{DFEE68D8-A7D0-1A41-506C-9B74AA9A7B7B}"
EndProject
Project("{FAE04EC0-301F-11D3-BF4B-00C04F79EFBC}") = "PrecificacaoConfeitaria.Infrastructure", "Infrastructure\PrecificacaoConfeitaria.Infrastructure.csproj", "{CE84A7DF-E105-41B2-9A9A-1B93A851CB47}"
EndProject
Project("{FAE04EC0-301F-11D3-BF4B-00C04F79EFBC}") = "PrecificacaoConfeitaria.API", "PrecificacaoConfeitaria.API\PrecificacaoConfeitaria.API.csproj", "{26119188-1FD0-4F3E-9F32-358D6AF96FDC}"
EndProject
Global
	GlobalSection(SolutionConfigurationPlatforms) = preSolution
		Debug|Any CPU = Debug|Any CPU
		Debug|x64 = Debug|x64
		Debug|x86 = Debug|x86
		Release|Any CPU = Release|Any CPU
		Release|x64 = Release|x64
		Release|x86 = Release|x86
	EndGlobalSection
	GlobalSection(ProjectConfigurationPlatforms) = postSolution
		{8C1502F2-6D6A-4E02-94F0-F15BD8463A2B}.Debug|Any CPU.ActiveCfg = Debug|Any CPU
		{8C1502F2-6D6A-4E02-94F0-F15BD8463A2B}.Debug|Any CPU.Build.0 = Debug|Any CPU
		{8C1502F2-6D6A-4E02-94F0-F15BD8463A2B}.Debug|x64.ActiveCfg = Debug|Any CPU
		{8C1502F2-6D6A-4E02-94F0-F15BD8463A2B}.Debug|x64.Build.0 = Debug|Any CPU
		{8C1502F2-6D6A-4E02-94F0-F15BD8463A2B}.Debug|x86.ActiveCfg = Debug|Any CPU
		{8C1502F2-6D6A-4E02-94F0-F15BD8463A2B}.Debug|x86.Build.0 = Debug|Any CPU
		{8C1502F2-6D6A-4E02-94F0-F15BD8463A2B}.Release|Any CPU.ActiveCfg = Release|Any CPU
		{8C1502F2-6D6A-4E02-94F0-F15BD8463A2B}.Release|Any CPU.Build.0 = Release|Any CPU
		{8C1502F2-6D6A-4E02-94F0-F15BD8463A2B}.Release|x64.ActiveCfg = Release|Any CPU
		{8C1502F2-6D6A-4E02-94F0-F15BD8463A2B}.Release|x64.Build.0 = Release|Any CPU
		{8C1502F2-6D6A-4E02-94F0-F15BD8463A2B}.Release|x86.ActiveCfg = Release|Any CPU
		{8C1502F2-6D6A-4E02-94F0-F15BD8463A2B}.Release|x86.Build.0 = Release|Any CPU
		{18B00F68-5882-4679-A0E3-243FE5751709}.Debug|Any CPU.ActiveCfg = Debug|Any CPU
		{18B00F68-5882-4679-A0E3-243FE5751709}.Debug|Any CPU.Build.0 = Debug|Any CPU
		{18B00F68-5882-4679-A0E3-243FE5751709}.Debug|x64.ActiveCfg = Debug|Any CPU
		{18B00F68-5882-4679-A0E3-243FE5751709}.Debug|x64.Build.0 = Debug|Any CPU
		{18B00F68-5882-4679-A0E3-243FE5751709}.Debug|x86.ActiveCfg = Debug|Any CPU
		{18B00F68-5882-4679-A0E3-243FE5751709}.Debug|x86.Build.0 = Debug|Any CPU
		{18B00F68-5882-4679-A0E3-243FE5751709}.Release|Any CPU.ActiveCfg = Release|Any CPU
		{18B00F68-5882-4679-A0E3-243FE5751709}.Release|Any CPU.Build.0 = Release|Any CPU
		{18B00F68-5882-4679-A0E3-243FE5751709}.Release|x64.ActiveCfg = Release|Any CPU
		{18B00F68-5882-4679-A0E3-243FE5751709}.Release|x64.Build.0 = Release|Any CPU
		{18B00F68-5882-4679-A0E3-243FE5751709}.Release|x86.ActiveCfg = Release|Any CPU
		{18B00F68-5882-4679-A0E3-243FE5751709}.Release|x86.Build.0 = Release|Any CPU
		{CE84A7DF-E105-41B2-9A9A-1B93A851CB47}.Debug|Any CPU.ActiveCfg = Debug|Any CPU
		{CE84A7DF-E105-41B2-9A9A-1B93A851CB47}.Debug|Any CPU.Build.0 = Debug|Any CPU
		{CE84A7DF-E105-41B2-9A9A-1B93A851CB47}.Debug|x64.ActiveCfg = Debug|Any CPU
		{CE84A7DF-E105-41B2-9A9A-1B93A851CB47}.Debug|x64.Build.0 = Debug|Any CPU
		{CE84A7DF-E105-41B2-9A9A-1B93A851CB47}.Debug|x86.ActiveCfg = Debug|Any CPU
		{CE84A7DF-E105-41B2-9A9A-1B93A851CB47}.Debug|x86.Build.0 = Debug|Any CPU
		{CE84A7DF-E105-41B2-9A9A-1B93A851CB47}.Release|Any CPU.ActiveCfg = Release|Any CPU
		{CE84A7DF-E105-41B2-9A9A-1B93A851CB47}.Release|Any CPU.Build.0 = Release|Any CPU
		{CE84A7DF-E105-41B2-9A9A-1B93A851CB47}.Release|x64.ActiveCfg = Release|Any CPU
		{CE84A7DF-E105-41B2-9A9A-1B93A851CB47}.Release|x64.Build.0 = Release|Any CPU
		{CE84A7DF-E105-41B2-9A9A-1B93A851CB47}.Release|x86.ActiveCfg = Release|Any CPU
		{CE84A7DF-E105-41B2-9A9A-1B93A851CB47}.Release|x86.Build.0 = Release|Any CPU
		{26119188-1FD0-4F3E-9F32-358D6AF96FDC}.Debug|Any CPU.ActiveCfg = Debug|Any CPU
		{26119188-1FD0-4F3E-9F32-358D6AF96FDC}.Debug|Any CPU.Build.0 = Debug|Any CPU
		{26119188-1FD0-4F3E-9F32-358D6AF96FDC}.Debug|x64.ActiveCfg = Debug|Any CPU
		{26119188-1FD0-4F3E-9F32-358D6AF96FDC}.Debug|x64.Build.0 = Debug|Any CPU
		{26119188-1FD0-4F3E-9F32-358D6AF96FDC}.Debug|x86.ActiveCfg = Debug|Any CPU
		{26119188-1FD0-4F3E-9F32-358D6AF96FDC}.Debug|x86.Build.0 = Debug|Any CPU
		{26119188-1FD0-4F3E-9F32-358D6AF96FDC}.Release|Any CPU.ActiveCfg = Release|Any CPU
		{26119188-1FD0-4F3E-9F32-358D6AF96FDC}.Release|Any CPU.Build.0 = Release|Any CPU
		{26119188-1FD0-4F3E-9F32-358D6AF96FDC}.Release|x64.ActiveCfg = Release|Any CPU
		{26119188-1FD0-4F3E-9F32-358D6AF96FDC}.Release|x64.Build.0 = Release|Any CPU
		{26119188-1FD0-4F3E-9F32-358D6AF96FDC}.Release|x86.ActiveCfg = Release|Any CPU
		{26119188-1FD0-4F3E-9F32-358D6AF96FDC}.Release|x86.Build.0 = Release|Any CPU
	EndGlobalSection
	GlobalSection(SolutionProperties) = preSolution
		HideSolutionNode = FALSE
	EndGlobalSection
	GlobalSection(NestedProjects) = preSolution
		{8C1502F2-6D6A-4E02-94F0-F15BD8463A2B} = {996CEBED-A05B-5D42-3FF0-982E087A2599}
		{18B00F68-5882-4679-A0E3-243FE5751709} = {A74F262E-BDE7-D5D2-89E9-785413424D0A}
		{CE84A7DF-E105-41B2-9A9A-1B93A851CB47} = {DFEE68D8-A7D0-1A41-506C-9B74AA9A7B7B}
	EndGlobalSection
EndGlobal
